// !$*UTF8*$!
{
	archiveVersion = 1;
	classes = {
	};
	objectVersion = 48;
	objects = {

/* Begin PBXBuildFile section */
		3B46AF082461EE2D00934688 /* MeshPrimitive.cpp in Sources */ = {isa = PBXBuildFile; fileRef = 3B46AED92461EE2B00934688 /* MeshPrimitive.cpp */; };
		3B46AF092461EE2D00934688 /* Image.cpp in Sources */ = {isa = PBXBuildFile; fileRef = 3B46AEDB2461EE2B00934688 /* Image.cpp */; };
		3B46AF0A2461EE2D00934688 /* RenderCore.cpp in Sources */ = {isa = PBXBuildFile; fileRef = 3B46AEDC2461EE2B00934688 /* RenderCore.cpp */; };
		3B46AF0C2461EE2D00934688 /* Camera.cpp in Sources */ = {isa = PBXBuildFile; fileRef = 3B46AEDF2461EE2B00934688 /* Camera.cpp */; };
		3B46AF0D2461EE2D00934688 /* BoundingBox.cpp in Sources */ = {isa = PBXBuildFile; fileRef = 3B46AEE12461EE2B00934688 /* BoundingBox.cpp */; };
		3B46AF0E2461EE2D00934688 /* MeshData.cpp in Sources */ = {isa = PBXBuildFile; fileRef = 3B46AEE72461EE2B00934688 /* MeshData.cpp */; };
		3B46AF0F2461EE2D00934688 /* Tile.cpp in Sources */ = {isa = PBXBuildFile; fileRef = 3B46AEE82461EE2B00934688 /* Tile.cpp */; };
		3B46AF102461EE2D00934688 /* RenderThread.cpp in Sources */ = {isa = PBXBuildFile; fileRef = 3B46AEE92461EE2B00934688 /* RenderThread.cpp */; };
		3B46AF112461EE2D00934688 /* MeshInstance.cpp in Sources */ = {isa = PBXBuildFile; fileRef = 3B46AEEA2461EE2B00934688 /* MeshInstance.cpp */; };
		3B46AF122461EE2D00934688 /* RenderData.cpp in Sources */ = {isa = PBXBuildFile; fileRef = 3B46AEF32461EE2B00934688 /* RenderData.cpp */; };
		3B46AF132461EE2D00934688 /* Portal.cpp in Sources */ = {isa = PBXBuildFile; fileRef = 3B46AEF52461EE2C00934688 /* Portal.cpp */; };
		3B46AF142461EE2D00934688 /* main.cpp in Sources */ = {isa = PBXBuildFile; fileRef = 3B46AEF72461EE2C00934688 /* main.cpp */; };
		3B46AF152461EE2D00934688 /* BoundedHierarchy.cpp in Sources */ = {isa = PBXBuildFile; fileRef = 3B46AEF82461EE2C00934688 /* BoundedHierarchy.cpp */; };
		3B46AF162461EE2D00934688 /* BoundedNode.cpp in Sources */ = {isa = PBXBuildFile; fileRef = 3B46AEF92461EE2C00934688 /* BoundedNode.cpp */; };
		3B46AF172461EE2D00934688 /* Light.cpp in Sources */ = {isa = PBXBuildFile; fileRef = 3B46AEFA2461EE2C00934688 /* Light.cpp */; };
		3B46AF182461EE2D00934688 /* Sphere.cpp in Sources */ = {isa = PBXBuildFile; fileRef = 3B46AEFB2461EE2C00934688 /* Sphere.cpp */; };
		3B46AF192461EE2D00934688 /* Field.cpp in Sources */ = {isa = PBXBuildFile; fileRef = 3B46AEFD2461EE2C00934688 /* Field.cpp */; };
		3B46AF1A2461EE2D00934688 /* RenderScheduler.cpp in Sources */ = {isa = PBXBuildFile; fileRef = 3B46AF012461EE2D00934688 /* RenderScheduler.cpp */; };
		3B46AF2124639ED600934688 /* Tester.cpp in Sources */ = {isa = PBXBuildFile; fileRef = 3B46AF1F24639ED600934688 /* Tester.cpp */; };
/* End PBXBuildFile section */

/* Begin PBXCopyFilesBuildPhase section */
		F4BF3C5A21F27C4200D819E9 /* CopyFiles */ = {
			isa = PBXCopyFilesBuildPhase;
			buildActionMask = 2147483647;
			dstPath = /usr/share/man/man1/;
			dstSubfolderSpec = 0;
			files = (
			);
			runOnlyForDeploymentPostprocessing = 1;
		};
/* End PBXCopyFilesBuildPhase section */

/* Begin PBXFileReference section */
		3B46AED92461EE2B00934688 /* MeshPrimitive.cpp */ = {isa = PBXFileReference; fileEncoding = 4; lastKnownFileType = sourcecode.cpp.cpp; path = MeshPrimitive.cpp; sourceTree = SOURCE_ROOT; };
		3B46AEDA2461EE2B00934688 /* MeshInstance.hpp */ = {isa = PBXFileReference; fileEncoding = 4; lastKnownFileType = sourcecode.cpp.h; path = MeshInstance.hpp; sourceTree = SOURCE_ROOT; };
		3B46AEDB2461EE2B00934688 /* Image.cpp */ = {isa = PBXFileReference; fileEncoding = 4; lastKnownFileType = sourcecode.cpp.cpp; path = Image.cpp; sourceTree = SOURCE_ROOT; };
		3B46AEDC2461EE2B00934688 /* RenderCore.cpp */ = {isa = PBXFileReference; fileEncoding = 4; lastKnownFileType = sourcecode.cpp.cpp; path = RenderCore.cpp; sourceTree = SOURCE_ROOT; };
		3B46AEDD2461EE2B00934688 /* ShadableObjectIntersection.hpp */ = {isa = PBXFileReference; fileEncoding = 4; lastKnownFileType = sourcecode.cpp.h; path = ShadableObjectIntersection.hpp; sourceTree = SOURCE_ROOT; };
		3B46AEDF2461EE2B00934688 /* Camera.cpp */ = {isa = PBXFileReference; fileEncoding = 4; lastKnownFileType = sourcecode.cpp.cpp; path = Camera.cpp; sourceTree = SOURCE_ROOT; };
		3B46AEE02461EE2B00934688 /* Camera.hpp */ = {isa = PBXFileReference; fileEncoding = 4; lastKnownFileType = sourcecode.cpp.h; path = Camera.hpp; sourceTree = SOURCE_ROOT; };
		3B46AEE12461EE2B00934688 /* BoundingBox.cpp */ = {isa = PBXFileReference; fileEncoding = 4; lastKnownFileType = sourcecode.cpp.cpp; path = BoundingBox.cpp; sourceTree = SOURCE_ROOT; };
		3B46AEE22461EE2B00934688 /* RenderData.hpp */ = {isa = PBXFileReference; fileEncoding = 4; lastKnownFileType = sourcecode.cpp.h; path = RenderData.hpp; sourceTree = SOURCE_ROOT; };
		3B46AEE32461EE2B00934688 /* BoundedNode.hpp */ = {isa = PBXFileReference; fileEncoding = 4; lastKnownFileType = sourcecode.cpp.h; path = BoundedNode.hpp; sourceTree = SOURCE_ROOT; };
		3B46AEE42461EE2B00934688 /* BoundedObjectIntersection.hpp */ = {isa = PBXFileReference; fileEncoding = 4; lastKnownFileType = sourcecode.cpp.h; path = BoundedObjectIntersection.hpp; sourceTree = SOURCE_ROOT; };
		3B46AEE52461EE2B00934688 /* BoundedHierarchy.hpp */ = {isa = PBXFileReference; fileEncoding = 4; lastKnownFileType = sourcecode.cpp.h; path = BoundedHierarchy.hpp; sourceTree = SOURCE_ROOT; };
		3B46AEE62461EE2B00934688 /* MeshPrimitive.hpp */ = {isa = PBXFileReference; fileEncoding = 4; lastKnownFileType = sourcecode.cpp.h; path = MeshPrimitive.hpp; sourceTree = SOURCE_ROOT; };
		3B46AEE72461EE2B00934688 /* MeshData.cpp */ = {isa = PBXFileReference; fileEncoding = 4; lastKnownFileType = sourcecode.cpp.cpp; path = MeshData.cpp; sourceTree = SOURCE_ROOT; };
		3B46AEE82461EE2B00934688 /* Tile.cpp */ = {isa = PBXFileReference; fileEncoding = 4; lastKnownFileType = sourcecode.cpp.cpp; path = Tile.cpp; sourceTree = SOURCE_ROOT; };
		3B46AEE92461EE2B00934688 /* RenderThread.cpp */ = {isa = PBXFileReference; fileEncoding = 4; lastKnownFileType = sourcecode.cpp.cpp; path = RenderThread.cpp; sourceTree = SOURCE_ROOT; };
		3B46AEEA2461EE2B00934688 /* MeshInstance.cpp */ = {isa = PBXFileReference; fileEncoding = 4; lastKnownFileType = sourcecode.cpp.cpp; path = MeshInstance.cpp; sourceTree = SOURCE_ROOT; };
		3B46AEEB2461EE2B00934688 /* RenderThread.hpp */ = {isa = PBXFileReference; fileEncoding = 4; lastKnownFileType = sourcecode.cpp.h; path = RenderThread.hpp; sourceTree = SOURCE_ROOT; };
		3B46AEEC2461EE2B00934688 /* BoundingBox.hpp */ = {isa = PBXFileReference; fileEncoding = 4; lastKnownFileType = sourcecode.cpp.h; path = BoundingBox.hpp; sourceTree = SOURCE_ROOT; };
		3B46AEED2461EE2B00934688 /* ShadableObject.hpp */ = {isa = PBXFileReference; fileEncoding = 4; lastKnownFileType = sourcecode.cpp.h; path = ShadableObject.hpp; sourceTree = SOURCE_ROOT; };
		3B46AEEF2461EE2B00934688 /* Portal.hpp */ = {isa = PBXFileReference; fileEncoding = 4; lastKnownFileType = sourcecode.cpp.h; path = Portal.hpp; sourceTree = SOURCE_ROOT; };
		3B46AEF02461EE2B00934688 /* Sphere.hpp */ = {isa = PBXFileReference; fileEncoding = 4; lastKnownFileType = sourcecode.cpp.h; path = Sphere.hpp; sourceTree = SOURCE_ROOT; };
		3B46AEF22461EE2B00934688 /* Light.hpp */ = {isa = PBXFileReference; fileEncoding = 4; lastKnownFileType = sourcecode.cpp.h; path = Light.hpp; sourceTree = SOURCE_ROOT; };
		3B46AEF32461EE2B00934688 /* RenderData.cpp */ = {isa = PBXFileReference; fileEncoding = 4; lastKnownFileType = sourcecode.cpp.cpp; path = RenderData.cpp; sourceTree = SOURCE_ROOT; };
		3B46AEF42461EE2C00934688 /* Field.hpp */ = {isa = PBXFileReference; fileEncoding = 4; lastKnownFileType = sourcecode.cpp.h; path = Field.hpp; sourceTree = SOURCE_ROOT; };
		3B46AEF52461EE2C00934688 /* Portal.cpp */ = {isa = PBXFileReference; fileEncoding = 4; lastKnownFileType = sourcecode.cpp.cpp; path = Portal.cpp; sourceTree = SOURCE_ROOT; };
		3B46AEF62461EE2C00934688 /* RenderScheduler.hpp */ = {isa = PBXFileReference; fileEncoding = 4; lastKnownFileType = sourcecode.cpp.h; path = RenderScheduler.hpp; sourceTree = SOURCE_ROOT; };
		3B46AEF72461EE2C00934688 /* main.cpp */ = {isa = PBXFileReference; fileEncoding = 4; lastKnownFileType = sourcecode.cpp.cpp; path = main.cpp; sourceTree = SOURCE_ROOT; };
		3B46AEF82461EE2C00934688 /* BoundedHierarchy.cpp */ = {isa = PBXFileReference; fileEncoding = 4; lastKnownFileType = sourcecode.cpp.cpp; path = BoundedHierarchy.cpp; sourceTree = SOURCE_ROOT; };
		3B46AEF92461EE2C00934688 /* BoundedNode.cpp */ = {isa = PBXFileReference; fileEncoding = 4; lastKnownFileType = sourcecode.cpp.cpp; path = BoundedNode.cpp; sourceTree = SOURCE_ROOT; };
		3B46AEFA2461EE2C00934688 /* Light.cpp */ = {isa = PBXFileReference; fileEncoding = 4; lastKnownFileType = sourcecode.cpp.cpp; path = Light.cpp; sourceTree = SOURCE_ROOT; };
		3B46AEFB2461EE2C00934688 /* Sphere.cpp */ = {isa = PBXFileReference; fileEncoding = 4; lastKnownFileType = sourcecode.cpp.cpp; path = Sphere.cpp; sourceTree = SOURCE_ROOT; };
		3B46AEFC2461EE2C00934688 /* Intersection.hpp */ = {isa = PBXFileReference; fileEncoding = 4; lastKnownFileType = sourcecode.cpp.h; path = Intersection.hpp; sourceTree = SOURCE_ROOT; };
		3B46AEFD2461EE2C00934688 /* Field.cpp */ = {isa = PBXFileReference; fileEncoding = 4; lastKnownFileType = sourcecode.cpp.cpp; path = Field.cpp; sourceTree = SOURCE_ROOT; };
		3B46AEFE2461EE2C00934688 /* BoundedObject.hpp */ = {isa = PBXFileReference; fileEncoding = 4; lastKnownFileType = sourcecode.cpp.h; path = BoundedObject.hpp; sourceTree = SOURCE_ROOT; };
		3B46AF002461EE2C00934688 /* Ray.hpp */ = {isa = PBXFileReference; fileEncoding = 4; lastKnownFileType = sourcecode.cpp.h; path = Ray.hpp; sourceTree = SOURCE_ROOT; };
		3B46AF012461EE2D00934688 /* RenderScheduler.cpp */ = {isa = PBXFileReference; fileEncoding = 4; lastKnownFileType = sourcecode.cpp.cpp; path = RenderScheduler.cpp; sourceTree = SOURCE_ROOT; };
		3B46AF032461EE2D00934688 /* Image.hpp */ = {isa = PBXFileReference; fileEncoding = 4; lastKnownFileType = sourcecode.cpp.h; path = Image.hpp; sourceTree = SOURCE_ROOT; };
		3B46AF042461EE2D00934688 /* RenderCore.hpp */ = {isa = PBXFileReference; fileEncoding = 4; lastKnownFileType = sourcecode.cpp.h; path = RenderCore.hpp; sourceTree = SOURCE_ROOT; };
		3B46AF052461EE2D00934688 /* ShadableAttributes.hpp */ = {isa = PBXFileReference; fileEncoding = 4; lastKnownFileType = sourcecode.cpp.h; path = ShadableAttributes.hpp; sourceTree = SOURCE_ROOT; };
		3B46AF062461EE2D00934688 /* MeshData.hpp */ = {isa = PBXFileReference; fileEncoding = 4; lastKnownFileType = sourcecode.cpp.h; path = MeshData.hpp; sourceTree = SOURCE_ROOT; };
		3B46AF072461EE2D00934688 /* Tile.hpp */ = {isa = PBXFileReference; fileEncoding = 4; lastKnownFileType = sourcecode.cpp.h; path = Tile.hpp; sourceTree = SOURCE_ROOT; };
		3B46AF1F24639ED600934688 /* Tester.cpp */ = {isa = PBXFileReference; lastKnownFileType = sourcecode.cpp.cpp; path = Tester.cpp; sourceTree = SOURCE_ROOT; };
		3B46AF2024639ED600934688 /* Tester.hpp */ = {isa = PBXFileReference; lastKnownFileType = sourcecode.cpp.h; path = Tester.hpp; sourceTree = SOURCE_ROOT; };
		3B46AF23246701E600934688 /* DistanceMeasure.hpp */ = {isa = PBXFileReference; lastKnownFileType = sourcecode.cpp.h; path = DistanceMeasure.hpp; sourceTree = SOURCE_ROOT; };
		F4BF3C5C21F27C4300D819E9 /* Bent */ = {isa = PBXFileReference; explicitFileType = "compiled.mach-o.executable"; includeInIndex = 0; path = Bent; sourceTree = BUILT_PRODUCTS_DIR; };
/* End PBXFileReference section */

/* Begin PBXFrameworksBuildPhase section */
		F4BF3C5921F27C4200D819E9 /* Frameworks */ = {
			isa = PBXFrameworksBuildPhase;
			buildActionMask = 2147483647;
			files = (
			);
			runOnlyForDeploymentPostprocessing = 0;
		};
/* End PBXFrameworksBuildPhase section */

/* Begin PBXGroup section */
		F4BF3C5321F27C4200D819E9 = {
			isa = PBXGroup;
			children = (
				F4BF3C5E21F27C4300D819E9 /* Bent */,
				F4BF3C5D21F27C4300D819E9 /* Products */,
			);
			sourceTree = "<group>";
		};
		F4BF3C5D21F27C4300D819E9 /* Products */ = {
			isa = PBXGroup;
			children = (
				F4BF3C5C21F27C4300D819E9 /* Bent */,
			);
			name = Products;
			sourceTree = "<group>";
		};
		F4BF3C5E21F27C4300D819E9 /* Bent */ = {
			isa = PBXGroup;
			children = (
				3B46AEF82461EE2C00934688 /* BoundedHierarchy.cpp */,
				3B46AEE52461EE2B00934688 /* BoundedHierarchy.hpp */,
				3B46AEF92461EE2C00934688 /* BoundedNode.cpp */,
				3B46AEE32461EE2B00934688 /* BoundedNode.hpp */,
				3B46AEFE2461EE2C00934688 /* BoundedObject.hpp */,
				3B46AEE42461EE2B00934688 /* BoundedObjectIntersection.hpp */,
				3B46AEE12461EE2B00934688 /* BoundingBox.cpp */,
				3B46AEEC2461EE2B00934688 /* BoundingBox.hpp */,
				3B46AEDF2461EE2B00934688 /* Camera.cpp */,
				3B46AEE02461EE2B00934688 /* Camera.hpp */,
				3B46AF23246701E600934688 /* DistanceMeasure.hpp */,
				3B46AEFD2461EE2C00934688 /* Field.cpp */,
				3B46AEF42461EE2C00934688 /* Field.hpp */,
				3B46AEDB2461EE2B00934688 /* Image.cpp */,
				3B46AF032461EE2D00934688 /* Image.hpp */,
				3B46AEFC2461EE2C00934688 /* Intersection.hpp */,
				3B46AEFA2461EE2C00934688 /* Light.cpp */,
				3B46AEF22461EE2B00934688 /* Light.hpp */,
				3B46AEF72461EE2C00934688 /* main.cpp */,
				3B46AEE72461EE2B00934688 /* MeshData.cpp */,
				3B46AF062461EE2D00934688 /* MeshData.hpp */,
				3B46AEEA2461EE2B00934688 /* MeshInstance.cpp */,
				3B46AEDA2461EE2B00934688 /* MeshInstance.hpp */,
				3B46AED92461EE2B00934688 /* MeshPrimitive.cpp */,
				3B46AEE62461EE2B00934688 /* MeshPrimitive.hpp */,
				3B46AEF52461EE2C00934688 /* Portal.cpp */,
				3B46AEEF2461EE2B00934688 /* Portal.hpp */,
				3B46AF002461EE2C00934688 /* Ray.hpp */,
				3B46AEDC2461EE2B00934688 /* RenderCore.cpp */,
				3B46AF042461EE2D00934688 /* RenderCore.hpp */,
				3B46AEF32461EE2B00934688 /* RenderData.cpp */,
				3B46AEE22461EE2B00934688 /* RenderData.hpp */,
				3B46AF012461EE2D00934688 /* RenderScheduler.cpp */,
				3B46AEF62461EE2C00934688 /* RenderScheduler.hpp */,
				3B46AEE92461EE2B00934688 /* RenderThread.cpp */,
				3B46AEEB2461EE2B00934688 /* RenderThread.hpp */,
				3B46AF052461EE2D00934688 /* ShadableAttributes.hpp */,
				3B46AEED2461EE2B00934688 /* ShadableObject.hpp */,
				3B46AEDD2461EE2B00934688 /* ShadableObjectIntersection.hpp */,
				3B46AEFB2461EE2C00934688 /* Sphere.cpp */,
				3B46AEF02461EE2B00934688 /* Sphere.hpp */,
				3B46AF1F24639ED600934688 /* Tester.cpp */,
				3B46AF2024639ED600934688 /* Tester.hpp */,
				3B46AEE82461EE2B00934688 /* Tile.cpp */,
				3B46AF072461EE2D00934688 /* Tile.hpp */,
			);
			path = Bent;
			sourceTree = "<group>";
		};
/* End PBXGroup section */

/* Begin PBXNativeTarget section */
		F4BF3C5B21F27C4200D819E9 /* Bent */ = {
			isa = PBXNativeTarget;
			buildConfigurationList = F4BF3C6321F27C4300D819E9 /* Build configuration list for PBXNativeTarget "Bent" */;
			buildPhases = (
				F4BF3C5821F27C4200D819E9 /* Sources */,
				F4BF3C5921F27C4200D819E9 /* Frameworks */,
				F4BF3C5A21F27C4200D819E9 /* CopyFiles */,
			);
			buildRules = (
			);
			dependencies = (
			);
			name = Bent;
			productName = template;
			productReference = F4BF3C5C21F27C4300D819E9 /* Bent */;
			productType = "com.apple.product-type.tool";
		};
/* End PBXNativeTarget section */

/* Begin PBXProject section */
		F4BF3C5421F27C4200D819E9 /* Project object */ = {
			isa = PBXProject;
			attributes = {
				LastUpgradeCheck = 0920;
				ORGANIZATIONNAME = "Simon Demeule";
				TargetAttributes = {
					F4BF3C5B21F27C4200D819E9 = {
						CreatedOnToolsVersion = 9.2;
						ProvisioningStyle = Automatic;
					};
				};
			};
			buildConfigurationList = F4BF3C5721F27C4200D819E9 /* Build configuration list for PBXProject "Bent" */;
			compatibilityVersion = "Xcode 8.0";
			developmentRegion = en;
			hasScannedForEncodings = 0;
			knownRegions = (
				en,
			);
			mainGroup = F4BF3C5321F27C4200D819E9;
			productRefGroup = F4BF3C5D21F27C4300D819E9 /* Products */;
			projectDirPath = "";
			projectRoot = "";
			targets = (
				F4BF3C5B21F27C4200D819E9 /* Bent */,
			);
		};
/* End PBXProject section */

/* Begin PBXSourcesBuildPhase section */
		F4BF3C5821F27C4200D819E9 /* Sources */ = {
			isa = PBXSourcesBuildPhase;
			buildActionMask = 2147483647;
			files = (
				3B46AF082461EE2D00934688 /* MeshPrimitive.cpp in Sources */,
				3B46AF0E2461EE2D00934688 /* MeshData.cpp in Sources */,
				3B46AF172461EE2D00934688 /* Light.cpp in Sources */,
				3B46AF092461EE2D00934688 /* Image.cpp in Sources */,
				3B46AF112461EE2D00934688 /* MeshInstance.cpp in Sources */,
				3B46AF0C2461EE2D00934688 /* Camera.cpp in Sources */,
				3B46AF132461EE2D00934688 /* Portal.cpp in Sources */,
				3B46AF182461EE2D00934688 /* Sphere.cpp in Sources */,
				3B46AF0D2461EE2D00934688 /* BoundingBox.cpp in Sources */,
				3B46AF2124639ED600934688 /* Tester.cpp in Sources */,
				3B46AF102461EE2D00934688 /* RenderThread.cpp in Sources */,
				3B46AF192461EE2D00934688 /* Field.cpp in Sources */,
				3B46AF162461EE2D00934688 /* BoundedNode.cpp in Sources */,
				3B46AF0A2461EE2D00934688 /* RenderCore.cpp in Sources */,
				3B46AF142461EE2D00934688 /* main.cpp in Sources */,
				3B46AF152461EE2D00934688 /* BoundedHierarchy.cpp in Sources */,
				3B46AF122461EE2D00934688 /* RenderData.cpp in Sources */,
				3B46AF0F2461EE2D00934688 /* Tile.cpp in Sources */,
				3B46AF1A2461EE2D00934688 /* RenderScheduler.cpp in Sources */,
			);
			runOnlyForDeploymentPostprocessing = 0;
		};
/* End PBXSourcesBuildPhase section */

/* Begin XCBuildConfiguration section */
		F4BF3C6121F27C4300D819E9 /* Debug */ = {
			isa = XCBuildConfiguration;
			buildSettings = {
				ALWAYS_SEARCH_USER_PATHS = NO;
				CLANG_ANALYZER_NONNULL = YES;
				CLANG_ANALYZER_NUMBER_OBJECT_CONVERSION = YES_AGGRESSIVE;
				CLANG_CXX_LANGUAGE_STANDARD = "gnu++14";
				CLANG_CXX_LIBRARY = "libc++";
				CLANG_ENABLE_MODULES = YES;
				CLANG_ENABLE_OBJC_ARC = YES;
				CLANG_WARN_BLOCK_CAPTURE_AUTORELEASING = YES;
				CLANG_WARN_BOOL_CONVERSION = YES;
				CLANG_WARN_COMMA = YES;
				CLANG_WARN_CONSTANT_CONVERSION = YES;
				CLANG_WARN_DIRECT_OBJC_ISA_USAGE = YES_ERROR;
				CLANG_WARN_DOCUMENTATION_COMMENTS = YES;
				CLANG_WARN_EMPTY_BODY = YES;
				CLANG_WARN_ENUM_CONVERSION = YES;
				CLANG_WARN_INFINITE_RECURSION = YES;
				CLANG_WARN_INT_CONVERSION = YES;
				CLANG_WARN_NON_LITERAL_NULL_CONVERSION = YES;
				CLANG_WARN_OBJC_LITERAL_CONVERSION = YES;
				CLANG_WARN_OBJC_ROOT_CLASS = YES_ERROR;
				CLANG_WARN_RANGE_LOOP_ANALYSIS = YES;
				CLANG_WARN_STRICT_PROTOTYPES = YES;
				CLANG_WARN_SUSPICIOUS_MOVE = YES;
				CLANG_WARN_UNGUARDED_AVAILABILITY = YES_AGGRESSIVE;
				CLANG_WARN_UNREACHABLE_CODE = YES;
				CLANG_WARN__DUPLICATE_METHOD_MATCH = YES;
				CODE_SIGN_IDENTITY = "-";
				COPY_PHASE_STRIP = NO;
				DEBUG_INFORMATION_FORMAT = dwarf;
				ENABLE_STRICT_OBJC_MSGSEND = YES;
				ENABLE_TESTABILITY = YES;
				GCC_C_LANGUAGE_STANDARD = gnu11;
				GCC_DYNAMIC_NO_PIC = NO;
				GCC_NO_COMMON_BLOCKS = YES;
				GCC_OPTIMIZATION_LEVEL = 0;
				GCC_PREPROCESSOR_DEFINITIONS = (
					"DEBUG=1",
					"$(inherited)",
				);
				GCC_WARN_64_TO_32_BIT_CONVERSION = YES;
				GCC_WARN_ABOUT_RETURN_TYPE = YES_ERROR;
				GCC_WARN_UNDECLARED_SELECTOR = YES;
				GCC_WARN_UNINITIALIZED_AUTOS = YES_AGGRESSIVE;
				GCC_WARN_UNUSED_FUNCTION = YES;
				GCC_WARN_UNUSED_VARIABLE = YES;
				HEADER_SEARCH_PATHS = (
					/usr/local/include,
					/opt/X11/include,
				);
				MACOSX_DEPLOYMENT_TARGET = 10.12;
				MTL_ENABLE_DEBUG_INFO = YES;
				ONLY_ACTIVE_ARCH = YES;
				SDKROOT = macosx;
			};
			name = Debug;
		};
		F4BF3C6221F27C4300D819E9 /* Release */ = {
			isa = XCBuildConfiguration;
			buildSettings = {
				ALWAYS_SEARCH_USER_PATHS = NO;
				CLANG_ANALYZER_NONNULL = YES;
				CLANG_ANALYZER_NUMBER_OBJECT_CONVERSION = YES_AGGRESSIVE;
				CLANG_CXX_LANGUAGE_STANDARD = "gnu++14";
				CLANG_CXX_LIBRARY = "libc++";
				CLANG_ENABLE_MODULES = YES;
				CLANG_ENABLE_OBJC_ARC = YES;
				CLANG_WARN_BLOCK_CAPTURE_AUTORELEASING = YES;
				CLANG_WARN_BOOL_CONVERSION = YES;
				CLANG_WARN_COMMA = YES;
				CLANG_WARN_CONSTANT_CONVERSION = YES;
				CLANG_WARN_DIRECT_OBJC_ISA_USAGE = YES_ERROR;
				CLANG_WARN_DOCUMENTATION_COMMENTS = YES;
				CLANG_WARN_EMPTY_BODY = YES;
				CLANG_WARN_ENUM_CONVERSION = YES;
				CLANG_WARN_INFINITE_RECURSION = YES;
				CLANG_WARN_INT_CONVERSION = YES;
				CLANG_WARN_NON_LITERAL_NULL_CONVERSION = YES;
				CLANG_WARN_OBJC_LITERAL_CONVERSION = YES;
				CLANG_WARN_OBJC_ROOT_CLASS = YES_ERROR;
				CLANG_WARN_RANGE_LOOP_ANALYSIS = YES;
				CLANG_WARN_STRICT_PROTOTYPES = YES;
				CLANG_WARN_SUSPICIOUS_MOVE = YES;
				CLANG_WARN_UNGUARDED_AVAILABILITY = YES_AGGRESSIVE;
				CLANG_WARN_UNREACHABLE_CODE = YES;
				CLANG_WARN__DUPLICATE_METHOD_MATCH = YES;
				CODE_SIGN_IDENTITY = "-";
				COPY_PHASE_STRIP = NO;
				DEBUG_INFORMATION_FORMAT = "dwarf-with-dsym";
				ENABLE_NS_ASSERTIONS = NO;
				ENABLE_STRICT_OBJC_MSGSEND = YES;
				GCC_C_LANGUAGE_STANDARD = gnu11;
				GCC_NO_COMMON_BLOCKS = YES;
				GCC_WARN_64_TO_32_BIT_CONVERSION = YES;
				GCC_WARN_ABOUT_RETURN_TYPE = YES_ERROR;
				GCC_WARN_UNDECLARED_SELECTOR = YES;
				GCC_WARN_UNINITIALIZED_AUTOS = YES_AGGRESSIVE;
				GCC_WARN_UNUSED_FUNCTION = YES;
				GCC_WARN_UNUSED_VARIABLE = YES;
				HEADER_SEARCH_PATHS = (
					/usr/local/include,
					/opt/X11/include,
				);
				MACOSX_DEPLOYMENT_TARGET = 10.12;
				MTL_ENABLE_DEBUG_INFO = NO;
				SDKROOT = macosx;
			};
			name = Release;
		};
		F4BF3C6421F27C4300D819E9 /* Debug */ = {
			isa = XCBuildConfiguration;
			buildSettings = {
				CODE_SIGN_STYLE = Automatic;
				HEADER_SEARCH_PATHS = "";
				"HEADER_SEARCH_PATHS[arch=*]" = (
					/usr/local/include,
					/opt/X11/include,
				);
				"LIBRARY_SEARCH_PATHS[arch=*]" = /usr/local/lib;
				PRODUCT_NAME = "$(TARGET_NAME)";
			};
			name = Debug;
		};
		F4BF3C6521F27C4300D819E9 /* Release */ = {
			isa = XCBuildConfiguration;
			buildSettings = {
				CODE_SIGN_STYLE = Automatic;
				HEADER_SEARCH_PATHS = "";
				"HEADER_SEARCH_PATHS[arch=*]" = (
					/ust/local/include,
					/opt/X11/include,
				);
				"LIBRARY_SEARCH_PATHS[arch=*]" = /usr/local/lib;
				PRODUCT_NAME = "$(TARGET_NAME)";
			};
			name = Release;
		};
/* End XCBuildConfiguration section */

/* Begin XCConfigurationList section */
		F4BF3C5721F27C4200D819E9 /* Build configuration list for PBXProject "Bent" */ = {
			isa = XCConfigurationList;
			buildConfigurations = (
				F4BF3C6121F27C4300D819E9 /* Debug */,
				F4BF3C6221F27C4300D819E9 /* Release */,
			);
			defaultConfigurationIsVisible = 0;
			defaultConfigurationName = Release;
		};
		F4BF3C6321F27C4300D819E9 /* Build configuration list for PBXNativeTarget "Bent" */ = {
			isa = XCConfigurationList;
			buildConfigurations = (
				F4BF3C6421F27C4300D819E9 /* Debug */,
				F4BF3C6521F27C4300D819E9 /* Release */,
			);
			defaultConfigurationIsVisible = 0;
			defaultConfigurationName = Release;
		};
/* End XCConfigurationList section */
	};
	rootObject = F4BF3C5421F27C4200D819E9 /* Project object */;
}
