// !$*UTF8*$!
{
	archiveVersion = 1;
	classes = {
	};
	objectVersion = 48;
	objects = {

/* Begin PBXBuildFile section */
		3B22E8882460C00D00054235 /* BoundingBox.cpp in Sources */ = {isa = PBXBuildFile; fileRef = 3B22E8642460C00C00054235 /* BoundingBox.cpp */; };
		3B22E8892460C00D00054235 /* Portal.cpp in Sources */ = {isa = PBXBuildFile; fileRef = 3B22E8652460C00C00054235 /* Portal.cpp */; };
		3B22E88A2460C00D00054235 /* Tile.cpp in Sources */ = {isa = PBXBuildFile; fileRef = 3B22E8672460C00C00054235 /* Tile.cpp */; };
		3B22E88B2460C00D00054235 /* Mesh.cpp in Sources */ = {isa = PBXBuildFile; fileRef = 3B22E86A2460C00C00054235 /* Mesh.cpp */; };
		3B22E88C2460C00D00054235 /* RenderScheduler.cpp in Sources */ = {isa = PBXBuildFile; fileRef = 3B22E8702460C00C00054235 /* RenderScheduler.cpp */; };
		3B22E88D2460C00D00054235 /* Plane.cpp in Sources */ = {isa = PBXBuildFile; fileRef = 3B22E8732460C00C00054235 /* Plane.cpp */; };
		3B22E88E2460C00D00054235 /* main.cpp in Sources */ = {isa = PBXBuildFile; fileRef = 3B22E8742460C00C00054235 /* main.cpp */; };
		3B22E88F2460C00D00054235 /* Sphere.cpp in Sources */ = {isa = PBXBuildFile; fileRef = 3B22E8752460C00C00054235 /* Sphere.cpp */; };
		3B22E8902460C00D00054235 /* RenderData.cpp in Sources */ = {isa = PBXBuildFile; fileRef = 3B22E8772460C00C00054235 /* RenderData.cpp */; };
		3B22E8912460C00D00054235 /* BoundedNode.cpp in Sources */ = {isa = PBXBuildFile; fileRef = 3B22E8792460C00D00054235 /* BoundedNode.cpp */; };
		3B22E8922460C00D00054235 /* RenderThread.cpp in Sources */ = {isa = PBXBuildFile; fileRef = 3B22E87B2460C00D00054235 /* RenderThread.cpp */; };
		3B22E8932460C00D00054235 /* Image.cpp in Sources */ = {isa = PBXBuildFile; fileRef = 3B22E87D2460C00D00054235 /* Image.cpp */; };
		3B22E8942460C00D00054235 /* Field.cpp in Sources */ = {isa = PBXBuildFile; fileRef = 3B22E87E2460C00D00054235 /* Field.cpp */; };
		3B22E8952460C00D00054235 /* Camera.cpp in Sources */ = {isa = PBXBuildFile; fileRef = 3B22E87F2460C00D00054235 /* Camera.cpp */; };
		3B22E8962460C00D00054235 /* BoundedHierarchy.cpp in Sources */ = {isa = PBXBuildFile; fileRef = 3B22E8812460C00D00054235 /* BoundedHierarchy.cpp */; };
		3B22E8972460C00D00054235 /* Light.cpp in Sources */ = {isa = PBXBuildFile; fileRef = 3B22E8842460C00D00054235 /* Light.cpp */; };
/* End PBXBuildFile section */

/* Begin PBXCopyFilesBuildPhase section */
		F4BF3C5A21F27C4200D819E9 /* CopyFiles */ = {
			isa = PBXCopyFilesBuildPhase;
			buildActionMask = 2147483647;
			dstPath = /usr/share/man/man1/;
			dstSubfolderSpec = 0;
			files = (
			);
			runOnlyForDeploymentPostprocessing = 1;
		};
/* End PBXCopyFilesBuildPhase section */

/* Begin PBXFileReference section */
		3B22E8622460C00C00054235 /* OBJloader.h */ = {isa = PBXFileReference; fileEncoding = 4; lastKnownFileType = sourcecode.c.h; path = OBJloader.h; sourceTree = SOURCE_ROOT; };
		3B22E8632460C00C00054235 /* Plane.hpp */ = {isa = PBXFileReference; fileEncoding = 4; lastKnownFileType = sourcecode.cpp.h; path = Plane.hpp; sourceTree = SOURCE_ROOT; };
		3B22E8642460C00C00054235 /* BoundingBox.cpp */ = {isa = PBXFileReference; fileEncoding = 4; lastKnownFileType = sourcecode.cpp.cpp; path = BoundingBox.cpp; sourceTree = SOURCE_ROOT; };
		3B22E8652460C00C00054235 /* Portal.cpp */ = {isa = PBXFileReference; fileEncoding = 4; lastKnownFileType = sourcecode.cpp.cpp; path = Portal.cpp; sourceTree = SOURCE_ROOT; };
		3B22E8662460C00C00054235 /* RenderThread.hpp */ = {isa = PBXFileReference; fileEncoding = 4; lastKnownFileType = sourcecode.cpp.h; path = RenderThread.hpp; sourceTree = SOURCE_ROOT; };
		3B22E8672460C00C00054235 /* Tile.cpp */ = {isa = PBXFileReference; fileEncoding = 4; lastKnownFileType = sourcecode.cpp.cpp; path = Tile.cpp; sourceTree = SOURCE_ROOT; };
		3B22E8682460C00C00054235 /* ShadableObject.hpp */ = {isa = PBXFileReference; fileEncoding = 4; lastKnownFileType = sourcecode.cpp.h; path = ShadableObject.hpp; sourceTree = SOURCE_ROOT; };
		3B22E8692460C00C00054235 /* Camera.hpp */ = {isa = PBXFileReference; fileEncoding = 4; lastKnownFileType = sourcecode.cpp.h; path = Camera.hpp; sourceTree = SOURCE_ROOT; };
		3B22E86A2460C00C00054235 /* Mesh.cpp */ = {isa = PBXFileReference; fileEncoding = 4; lastKnownFileType = sourcecode.cpp.cpp; path = Mesh.cpp; sourceTree = SOURCE_ROOT; };
		3B22E86B2460C00C00054235 /* Portal.hpp */ = {isa = PBXFileReference; fileEncoding = 4; lastKnownFileType = sourcecode.cpp.h; path = Portal.hpp; sourceTree = SOURCE_ROOT; };
		3B22E86C2460C00C00054235 /* ShadableObjectIntersection.hpp */ = {isa = PBXFileReference; fileEncoding = 4; lastKnownFileType = sourcecode.cpp.h; path = ShadableObjectIntersection.hpp; sourceTree = SOURCE_ROOT; };
		3B22E86D2460C00C00054235 /* BoundedObjectIntersection.hpp */ = {isa = PBXFileReference; fileEncoding = 4; lastKnownFileType = sourcecode.cpp.h; path = BoundedObjectIntersection.hpp; sourceTree = SOURCE_ROOT; };
		3B22E86E2460C00C00054235 /* Sphere.hpp */ = {isa = PBXFileReference; fileEncoding = 4; lastKnownFileType = sourcecode.cpp.h; path = Sphere.hpp; sourceTree = SOURCE_ROOT; };
		3B22E86F2460C00C00054235 /* Ray.hpp */ = {isa = PBXFileReference; fileEncoding = 4; lastKnownFileType = sourcecode.cpp.h; path = Ray.hpp; sourceTree = SOURCE_ROOT; };
		3B22E8702460C00C00054235 /* RenderScheduler.cpp */ = {isa = PBXFileReference; fileEncoding = 4; lastKnownFileType = sourcecode.cpp.cpp; path = RenderScheduler.cpp; sourceTree = SOURCE_ROOT; };
		3B22E8712460C00C00054235 /* Mesh.hpp */ = {isa = PBXFileReference; fileEncoding = 4; lastKnownFileType = sourcecode.cpp.h; path = Mesh.hpp; sourceTree = SOURCE_ROOT; };
		3B22E8722460C00C00054235 /* ShadableAttributes.hpp */ = {isa = PBXFileReference; fileEncoding = 4; lastKnownFileType = sourcecode.cpp.h; path = ShadableAttributes.hpp; sourceTree = SOURCE_ROOT; };
		3B22E8732460C00C00054235 /* Plane.cpp */ = {isa = PBXFileReference; fileEncoding = 4; lastKnownFileType = sourcecode.cpp.cpp; path = Plane.cpp; sourceTree = SOURCE_ROOT; };
		3B22E8742460C00C00054235 /* main.cpp */ = {isa = PBXFileReference; fileEncoding = 4; lastKnownFileType = sourcecode.cpp.cpp; path = main.cpp; sourceTree = SOURCE_ROOT; };
		3B22E8752460C00C00054235 /* Sphere.cpp */ = {isa = PBXFileReference; fileEncoding = 4; lastKnownFileType = sourcecode.cpp.cpp; path = Sphere.cpp; sourceTree = SOURCE_ROOT; };
		3B22E8762460C00C00054235 /* BoundingBox.hpp */ = {isa = PBXFileReference; fileEncoding = 4; lastKnownFileType = sourcecode.cpp.h; path = BoundingBox.hpp; sourceTree = SOURCE_ROOT; };
		3B22E8772460C00C00054235 /* RenderData.cpp */ = {isa = PBXFileReference; fileEncoding = 4; lastKnownFileType = sourcecode.cpp.cpp; path = RenderData.cpp; sourceTree = SOURCE_ROOT; };
		3B22E8782460C00D00054235 /* Tile.hpp */ = {isa = PBXFileReference; fileEncoding = 4; lastKnownFileType = sourcecode.cpp.h; path = Tile.hpp; sourceTree = SOURCE_ROOT; };
		3B22E8792460C00D00054235 /* BoundedNode.cpp */ = {isa = PBXFileReference; fileEncoding = 4; lastKnownFileType = sourcecode.cpp.cpp; path = BoundedNode.cpp; sourceTree = SOURCE_ROOT; };
		3B22E87A2460C00D00054235 /* RenderData.hpp */ = {isa = PBXFileReference; fileEncoding = 4; lastKnownFileType = sourcecode.cpp.h; path = RenderData.hpp; sourceTree = SOURCE_ROOT; };
		3B22E87B2460C00D00054235 /* RenderThread.cpp */ = {isa = PBXFileReference; fileEncoding = 4; lastKnownFileType = sourcecode.cpp.cpp; path = RenderThread.cpp; sourceTree = SOURCE_ROOT; };
		3B22E87C2460C00D00054235 /* Image.hpp */ = {isa = PBXFileReference; fileEncoding = 4; lastKnownFileType = sourcecode.cpp.h; path = Image.hpp; sourceTree = SOURCE_ROOT; };
		3B22E87D2460C00D00054235 /* Image.cpp */ = {isa = PBXFileReference; fileEncoding = 4; lastKnownFileType = sourcecode.cpp.cpp; path = Image.cpp; sourceTree = SOURCE_ROOT; };
		3B22E87E2460C00D00054235 /* Field.cpp */ = {isa = PBXFileReference; fileEncoding = 4; lastKnownFileType = sourcecode.cpp.cpp; path = Field.cpp; sourceTree = SOURCE_ROOT; };
		3B22E87F2460C00D00054235 /* Camera.cpp */ = {isa = PBXFileReference; fileEncoding = 4; lastKnownFileType = sourcecode.cpp.cpp; path = Camera.cpp; sourceTree = SOURCE_ROOT; };
		3B22E8802460C00D00054235 /* Light.hpp */ = {isa = PBXFileReference; fileEncoding = 4; lastKnownFileType = sourcecode.cpp.h; path = Light.hpp; sourceTree = SOURCE_ROOT; };
		3B22E8812460C00D00054235 /* BoundedHierarchy.cpp */ = {isa = PBXFileReference; fileEncoding = 4; lastKnownFileType = sourcecode.cpp.cpp; path = BoundedHierarchy.cpp; sourceTree = SOURCE_ROOT; };
		3B22E8822460C00D00054235 /* Field.hpp */ = {isa = PBXFileReference; fileEncoding = 4; lastKnownFileType = sourcecode.cpp.h; path = Field.hpp; sourceTree = SOURCE_ROOT; };
		3B22E8832460C00D00054235 /* BoundedHierarchy.hpp */ = {isa = PBXFileReference; fileEncoding = 4; lastKnownFileType = sourcecode.cpp.h; path = BoundedHierarchy.hpp; sourceTree = SOURCE_ROOT; };
		3B22E8842460C00D00054235 /* Light.cpp */ = {isa = PBXFileReference; fileEncoding = 4; lastKnownFileType = sourcecode.cpp.cpp; path = Light.cpp; sourceTree = SOURCE_ROOT; };
		3B22E8852460C00D00054235 /* RenderScheduler.hpp */ = {isa = PBXFileReference; fileEncoding = 4; lastKnownFileType = sourcecode.cpp.h; path = RenderScheduler.hpp; sourceTree = SOURCE_ROOT; };
		3B22E8862460C00D00054235 /* BoundedNode.hpp */ = {isa = PBXFileReference; fileEncoding = 4; lastKnownFileType = sourcecode.cpp.h; path = BoundedNode.hpp; sourceTree = SOURCE_ROOT; };
		3B22E8872460C00D00054235 /* BoundedObject.hpp */ = {isa = PBXFileReference; fileEncoding = 4; lastKnownFileType = sourcecode.cpp.h; path = BoundedObject.hpp; sourceTree = SOURCE_ROOT; };
		3B22E8982460C03900054235 /* Intersection.hpp */ = {isa = PBXFileReference; lastKnownFileType = sourcecode.cpp.h; path = Intersection.hpp; sourceTree = SOURCE_ROOT; };
		F4BF3C5C21F27C4300D819E9 /* Bent */ = {isa = PBXFileReference; explicitFileType = "compiled.mach-o.executable"; includeInIndex = 0; path = Bent; sourceTree = BUILT_PRODUCTS_DIR; };
/* End PBXFileReference section */

/* Begin PBXFrameworksBuildPhase section */
		F4BF3C5921F27C4200D819E9 /* Frameworks */ = {
			isa = PBXFrameworksBuildPhase;
			buildActionMask = 2147483647;
			files = (
			);
			runOnlyForDeploymentPostprocessing = 0;
		};
/* End PBXFrameworksBuildPhase section */

/* Begin PBXGroup section */
		F4BF3C5321F27C4200D819E9 = {
			isa = PBXGroup;
			children = (
				F4BF3C5E21F27C4300D819E9 /* Bent */,
				F4BF3C5D21F27C4300D819E9 /* Products */,
			);
			sourceTree = "<group>";
		};
		F4BF3C5D21F27C4300D819E9 /* Products */ = {
			isa = PBXGroup;
			children = (
				F4BF3C5C21F27C4300D819E9 /* Bent */,
			);
			name = Products;
			sourceTree = "<group>";
		};
		F4BF3C5E21F27C4300D819E9 /* Bent */ = {
			isa = PBXGroup;
			children = (
				3B22E8812460C00D00054235 /* BoundedHierarchy.cpp */,
				3B22E8832460C00D00054235 /* BoundedHierarchy.hpp */,
				3B22E8792460C00D00054235 /* BoundedNode.cpp */,
				3B22E8862460C00D00054235 /* BoundedNode.hpp */,
				3B22E8872460C00D00054235 /* BoundedObject.hpp */,
				3B22E86D2460C00C00054235 /* BoundedObjectIntersection.hpp */,
				3B22E8642460C00C00054235 /* BoundingBox.cpp */,
				3B22E8762460C00C00054235 /* BoundingBox.hpp */,
				3B22E87F2460C00D00054235 /* Camera.cpp */,
				3B22E8692460C00C00054235 /* Camera.hpp */,
				3B22E87E2460C00D00054235 /* Field.cpp */,
				3B22E8822460C00D00054235 /* Field.hpp */,
				3B22E87D2460C00D00054235 /* Image.cpp */,
				3B22E87C2460C00D00054235 /* Image.hpp */,
				3B22E8982460C03900054235 /* Intersection.hpp */,
				3B22E8842460C00D00054235 /* Light.cpp */,
				3B22E8802460C00D00054235 /* Light.hpp */,
				3B22E8742460C00C00054235 /* main.cpp */,
				3B22E86A2460C00C00054235 /* Mesh.cpp */,
				3B22E8712460C00C00054235 /* Mesh.hpp */,
				3B22E8622460C00C00054235 /* OBJloader.h */,
				3B22E8732460C00C00054235 /* Plane.cpp */,
				3B22E8632460C00C00054235 /* Plane.hpp */,
				3B22E8652460C00C00054235 /* Portal.cpp */,
				3B22E86B2460C00C00054235 /* Portal.hpp */,
				3B22E86F2460C00C00054235 /* Ray.hpp */,
				3B22E8772460C00C00054235 /* RenderData.cpp */,
				3B22E87A2460C00D00054235 /* RenderData.hpp */,
				3B22E8702460C00C00054235 /* RenderScheduler.cpp */,
				3B22E8852460C00D00054235 /* RenderScheduler.hpp */,
				3B22E87B2460C00D00054235 /* RenderThread.cpp */,
				3B22E8662460C00C00054235 /* RenderThread.hpp */,
				3B22E8722460C00C00054235 /* ShadableAttributes.hpp */,
				3B22E8682460C00C00054235 /* ShadableObject.hpp */,
				3B22E86C2460C00C00054235 /* ShadableObjectIntersection.hpp */,
				3B22E8752460C00C00054235 /* Sphere.cpp */,
				3B22E86E2460C00C00054235 /* Sphere.hpp */,
				3B22E8672460C00C00054235 /* Tile.cpp */,
				3B22E8782460C00D00054235 /* Tile.hpp */,
			);
			path = Bent;
			sourceTree = "<group>";
		};
/* End PBXGroup section */

/* Begin PBXNativeTarget section */
		F4BF3C5B21F27C4200D819E9 /* Bent */ = {
			isa = PBXNativeTarget;
			buildConfigurationList = F4BF3C6321F27C4300D819E9 /* Build configuration list for PBXNativeTarget "Bent" */;
			buildPhases = (
				F4BF3C5821F27C4200D819E9 /* Sources */,
				F4BF3C5921F27C4200D819E9 /* Frameworks */,
				F4BF3C5A21F27C4200D819E9 /* CopyFiles */,
			);
			buildRules = (
			);
			dependencies = (
			);
			name = Bent;
			productName = template;
			productReference = F4BF3C5C21F27C4300D819E9 /* Bent */;
			productType = "com.apple.product-type.tool";
		};
/* End PBXNativeTarget section */

/* Begin PBXProject section */
		F4BF3C5421F27C4200D819E9 /* Project object */ = {
			isa = PBXProject;
			attributes = {
				LastUpgradeCheck = 0920;
				ORGANIZATIONNAME = "Simon Demeule";
				TargetAttributes = {
					F4BF3C5B21F27C4200D819E9 = {
						CreatedOnToolsVersion = 9.2;
						ProvisioningStyle = Automatic;
					};
				};
			};
			buildConfigurationList = F4BF3C5721F27C4200D819E9 /* Build configuration list for PBXProject "Bent" */;
			compatibilityVersion = "Xcode 8.0";
			developmentRegion = en;
			hasScannedForEncodings = 0;
			knownRegions = (
				en,
			);
			mainGroup = F4BF3C5321F27C4200D819E9;
			productRefGroup = F4BF3C5D21F27C4300D819E9 /* Products */;
			projectDirPath = "";
			projectRoot = "";
			targets = (
				F4BF3C5B21F27C4200D819E9 /* Bent */,
			);
		};
/* End PBXProject section */

/* Begin PBXSourcesBuildPhase section */
		F4BF3C5821F27C4200D819E9 /* Sources */ = {
			isa = PBXSourcesBuildPhase;
			buildActionMask = 2147483647;
			files = (
				3B22E88D2460C00D00054235 /* Plane.cpp in Sources */,
				3B22E88A2460C00D00054235 /* Tile.cpp in Sources */,
				3B22E8972460C00D00054235 /* Light.cpp in Sources */,
				3B22E8952460C00D00054235 /* Camera.cpp in Sources */,
				3B22E8942460C00D00054235 /* Field.cpp in Sources */,
				3B22E88F2460C00D00054235 /* Sphere.cpp in Sources */,
				3B22E88C2460C00D00054235 /* RenderScheduler.cpp in Sources */,
				3B22E8882460C00D00054235 /* BoundingBox.cpp in Sources */,
				3B22E8922460C00D00054235 /* RenderThread.cpp in Sources */,
				3B22E88E2460C00D00054235 /* main.cpp in Sources */,
				3B22E88B2460C00D00054235 /* Mesh.cpp in Sources */,
				3B22E8902460C00D00054235 /* RenderData.cpp in Sources */,
				3B22E8932460C00D00054235 /* Image.cpp in Sources */,
				3B22E8892460C00D00054235 /* Portal.cpp in Sources */,
				3B22E8962460C00D00054235 /* BoundedHierarchy.cpp in Sources */,
				3B22E8912460C00D00054235 /* BoundedNode.cpp in Sources */,
			);
			runOnlyForDeploymentPostprocessing = 0;
		};
/* End PBXSourcesBuildPhase section */

/* Begin XCBuildConfiguration section */
		F4BF3C6121F27C4300D819E9 /* Debug */ = {
			isa = XCBuildConfiguration;
			buildSettings = {
				ALWAYS_SEARCH_USER_PATHS = NO;
				CLANG_ANALYZER_NONNULL = YES;
				CLANG_ANALYZER_NUMBER_OBJECT_CONVERSION = YES_AGGRESSIVE;
				CLANG_CXX_LANGUAGE_STANDARD = "gnu++14";
				CLANG_CXX_LIBRARY = "libc++";
				CLANG_ENABLE_MODULES = YES;
				CLANG_ENABLE_OBJC_ARC = YES;
				CLANG_WARN_BLOCK_CAPTURE_AUTORELEASING = YES;
				CLANG_WARN_BOOL_CONVERSION = YES;
				CLANG_WARN_COMMA = YES;
				CLANG_WARN_CONSTANT_CONVERSION = YES;
				CLANG_WARN_DIRECT_OBJC_ISA_USAGE = YES_ERROR;
				CLANG_WARN_DOCUMENTATION_COMMENTS = YES;
				CLANG_WARN_EMPTY_BODY = YES;
				CLANG_WARN_ENUM_CONVERSION = YES;
				CLANG_WARN_INFINITE_RECURSION = YES;
				CLANG_WARN_INT_CONVERSION = YES;
				CLANG_WARN_NON_LITERAL_NULL_CONVERSION = YES;
				CLANG_WARN_OBJC_LITERAL_CONVERSION = YES;
				CLANG_WARN_OBJC_ROOT_CLASS = YES_ERROR;
				CLANG_WARN_RANGE_LOOP_ANALYSIS = YES;
				CLANG_WARN_STRICT_PROTOTYPES = YES;
				CLANG_WARN_SUSPICIOUS_MOVE = YES;
				CLANG_WARN_UNGUARDED_AVAILABILITY = YES_AGGRESSIVE;
				CLANG_WARN_UNREACHABLE_CODE = YES;
				CLANG_WARN__DUPLICATE_METHOD_MATCH = YES;
				CODE_SIGN_IDENTITY = "-";
				COPY_PHASE_STRIP = NO;
				DEBUG_INFORMATION_FORMAT = dwarf;
				ENABLE_STRICT_OBJC_MSGSEND = YES;
				ENABLE_TESTABILITY = YES;
				GCC_C_LANGUAGE_STANDARD = gnu11;
				GCC_DYNAMIC_NO_PIC = NO;
				GCC_NO_COMMON_BLOCKS = YES;
				GCC_OPTIMIZATION_LEVEL = 0;
				GCC_PREPROCESSOR_DEFINITIONS = (
					"DEBUG=1",
					"$(inherited)",
				);
				GCC_WARN_64_TO_32_BIT_CONVERSION = YES;
				GCC_WARN_ABOUT_RETURN_TYPE = YES_ERROR;
				GCC_WARN_UNDECLARED_SELECTOR = YES;
				GCC_WARN_UNINITIALIZED_AUTOS = YES_AGGRESSIVE;
				GCC_WARN_UNUSED_FUNCTION = YES;
				GCC_WARN_UNUSED_VARIABLE = YES;
				HEADER_SEARCH_PATHS = (
					/usr/local/include,
					/opt/X11/include,
				);
				MACOSX_DEPLOYMENT_TARGET = 10.12;
				MTL_ENABLE_DEBUG_INFO = YES;
				ONLY_ACTIVE_ARCH = YES;
				SDKROOT = macosx;
			};
			name = Debug;
		};
		F4BF3C6221F27C4300D819E9 /* Release */ = {
			isa = XCBuildConfiguration;
			buildSettings = {
				ALWAYS_SEARCH_USER_PATHS = NO;
				CLANG_ANALYZER_NONNULL = YES;
				CLANG_ANALYZER_NUMBER_OBJECT_CONVERSION = YES_AGGRESSIVE;
				CLANG_CXX_LANGUAGE_STANDARD = "gnu++14";
				CLANG_CXX_LIBRARY = "libc++";
				CLANG_ENABLE_MODULES = YES;
				CLANG_ENABLE_OBJC_ARC = YES;
				CLANG_WARN_BLOCK_CAPTURE_AUTORELEASING = YES;
				CLANG_WARN_BOOL_CONVERSION = YES;
				CLANG_WARN_COMMA = YES;
				CLANG_WARN_CONSTANT_CONVERSION = YES;
				CLANG_WARN_DIRECT_OBJC_ISA_USAGE = YES_ERROR;
				CLANG_WARN_DOCUMENTATION_COMMENTS = YES;
				CLANG_WARN_EMPTY_BODY = YES;
				CLANG_WARN_ENUM_CONVERSION = YES;
				CLANG_WARN_INFINITE_RECURSION = YES;
				CLANG_WARN_INT_CONVERSION = YES;
				CLANG_WARN_NON_LITERAL_NULL_CONVERSION = YES;
				CLANG_WARN_OBJC_LITERAL_CONVERSION = YES;
				CLANG_WARN_OBJC_ROOT_CLASS = YES_ERROR;
				CLANG_WARN_RANGE_LOOP_ANALYSIS = YES;
				CLANG_WARN_STRICT_PROTOTYPES = YES;
				CLANG_WARN_SUSPICIOUS_MOVE = YES;
				CLANG_WARN_UNGUARDED_AVAILABILITY = YES_AGGRESSIVE;
				CLANG_WARN_UNREACHABLE_CODE = YES;
				CLANG_WARN__DUPLICATE_METHOD_MATCH = YES;
				CODE_SIGN_IDENTITY = "-";
				COPY_PHASE_STRIP = NO;
				DEBUG_INFORMATION_FORMAT = "dwarf-with-dsym";
				ENABLE_NS_ASSERTIONS = NO;
				ENABLE_STRICT_OBJC_MSGSEND = YES;
				GCC_C_LANGUAGE_STANDARD = gnu11;
				GCC_NO_COMMON_BLOCKS = YES;
				GCC_WARN_64_TO_32_BIT_CONVERSION = YES;
				GCC_WARN_ABOUT_RETURN_TYPE = YES_ERROR;
				GCC_WARN_UNDECLARED_SELECTOR = YES;
				GCC_WARN_UNINITIALIZED_AUTOS = YES_AGGRESSIVE;
				GCC_WARN_UNUSED_FUNCTION = YES;
				GCC_WARN_UNUSED_VARIABLE = YES;
				HEADER_SEARCH_PATHS = (
					/usr/local/include,
					/opt/X11/include,
				);
				MACOSX_DEPLOYMENT_TARGET = 10.12;
				MTL_ENABLE_DEBUG_INFO = NO;
				SDKROOT = macosx;
			};
			name = Release;
		};
		F4BF3C6421F27C4300D819E9 /* Debug */ = {
			isa = XCBuildConfiguration;
			buildSettings = {
				CODE_SIGN_STYLE = Automatic;
				HEADER_SEARCH_PATHS = "";
				"HEADER_SEARCH_PATHS[arch=*]" = (
					/usr/local/include,
					/opt/X11/include,
				);
				"LIBRARY_SEARCH_PATHS[arch=*]" = /usr/local/lib;
				PRODUCT_NAME = "$(TARGET_NAME)";
			};
			name = Debug;
		};
		F4BF3C6521F27C4300D819E9 /* Release */ = {
			isa = XCBuildConfiguration;
			buildSettings = {
				CODE_SIGN_STYLE = Automatic;
				HEADER_SEARCH_PATHS = "";
				"HEADER_SEARCH_PATHS[arch=*]" = (
					/ust/local/include,
					/opt/X11/include,
				);
				"LIBRARY_SEARCH_PATHS[arch=*]" = /usr/local/lib;
				PRODUCT_NAME = "$(TARGET_NAME)";
			};
			name = Release;
		};
/* End XCBuildConfiguration section */

/* Begin XCConfigurationList section */
		F4BF3C5721F27C4200D819E9 /* Build configuration list for PBXProject "Bent" */ = {
			isa = XCConfigurationList;
			buildConfigurations = (
				F4BF3C6121F27C4300D819E9 /* Debug */,
				F4BF3C6221F27C4300D819E9 /* Release */,
			);
			defaultConfigurationIsVisible = 0;
			defaultConfigurationName = Release;
		};
		F4BF3C6321F27C4300D819E9 /* Build configuration list for PBXNativeTarget "Bent" */ = {
			isa = XCConfigurationList;
			buildConfigurations = (
				F4BF3C6421F27C4300D819E9 /* Debug */,
				F4BF3C6521F27C4300D819E9 /* Release */,
			);
			defaultConfigurationIsVisible = 0;
			defaultConfigurationName = Release;
		};
/* End XCConfigurationList section */
	};
	rootObject = F4BF3C5421F27C4200D819E9 /* Project object */;
}
